
Microsoft Visual Studio Solution File, Format Version 12.00
# Visual Studio 15
VisualStudioVersion = 15.0.26730.15
MinimumVisualStudioVersion = 10.0.40219.1
Project("{FAE04EC0-301F-11D3-BF4B-00C04F79EFBC}") = "GkLAB", "GkLAB\GkLAB.csproj", "{AD6AD677-85C6-4F15-8D02-158BF9527AC4}"
EndProject
Global
	GlobalSection(SolutionConfigurationPlatforms) = preSolution
		Debug|Any CPU = Debug|Any CPU
		Release|Any CPU = Release|Any CPU
	EndGlobalSection
	GlobalSection(ProjectConfigurationPlatforms) = postSolution
		{AD6AD677-85C6-4F15-8D02-158BF9527AC4}.Debug|Any CPU.ActiveCfg = Debug|Any CPU
		{AD6AD677-85C6-4F15-8D02-158BF9527AC4}.Debug|Any CPU.Build.0 = Debug|Any CPU
		{AD6AD677-85C6-4F15-8D02-158BF9527AC4}.Release|Any CPU.ActiveCfg = Release|Any CPU
		{AD6AD677-85C6-4F15-8D02-158BF9527AC4}.Release|Any CPU.Build.0 = Release|Any CPU
	EndGlobalSection
	GlobalSection(SolutionProperties) = preSolution
		HideSolutionNode = FALSE
	EndGlobalSection
	GlobalSection(ExtensibilityGlobals) = postSolution
		SolutionGuid = {F7E0FDA2-305A-455D-B3C6-C4ED413A71B2}
	EndGlobalSection
EndGlobal
